// !$*UTF8*$!
{
	archiveVersion = 1;
	classes = {
	};
	objectVersion = 77;
	objects = {

/* Begin PBXContainerItemProxy section */
		09B381F62F9678540016BB50 /* PBXContainerItemProxy */ = {
			isa = PBXContainerItemProxy;
			containerPortal = 09B381DF2F9678520016BB50 /* Project object */;
			proxyType = 1;
			remoteGlobalIDString = 09B381E62F9678520016BB50;
			remoteInfo = QuickPeek;
		};
		09B382002F9678540016BB50 /* PBXContainerItemProxy */ = {
			isa = PBXContainerItemProxy;
			containerPortal = 09B381DF2F9678520016BB50 /* Project object */;
			proxyType = 1;
			remoteGlobalIDString = 09B381E62F9678520016BB50;
			remoteInfo = QuickPeek;
		};
/* End PBXContainerItemProxy section */

/* Begin PBXFileReference section */
		09B381E72F9678520016BB50 /* QuickPeek.app */ = {isa = PBXFileReference; explicitFileType = wrapper.application; includeInIndex = 0; path = QuickPeek.app; sourceTree = BUILT_PRODUCTS_DIR; };
		09B381F52F9678540016BB50 /* QuickPeekTests.xctest */ = {isa = PBXFileReference; explicitFileType = wrapper.cfbundle; includeInIndex = 0; path = QuickPeekTests.xctest; sourceTree = BUILT_PRODUCTS_DIR; };
		09B381FF2F9678540016BB50 /* QuickPeekUITests.xctest */ = {isa = PBXFileReference; explicitFileType = wrapper.cfbundle; includeInIndex = 0; path = QuickPeekUITests.xctest; sourceTree = BUILT_PRODUCTS_DIR; };
/* End PBXFileReference section */

/* Begin PBXFileSystemSynchronizedRootGroup section */
		09B381E92F9678520016BB50 /* QuickPeek */ = {
			isa = PBXFileSystemSynchronizedRootGroup;
			path = QuickPeek;
			sourceTree = "<group>";
		};
		09B381F82F9678540016BB50 /* QuickPeekTests */ = {
			isa = PBXFileSystemSynchronizedRootGroup;
			path = QuickPeekTests;
			sourceTree = "<group>";
		};
		09B382022F9678540016BB50 /* QuickPeekUITests */ = {
			isa = PBXFileSystemSynchronizedRootGroup;
			path = QuickPeekUITests;
			sourceTree = "<group>";
		};
/* End PBXFileSystemSynchronizedRootGroup section */

/* Begin PBXFrameworksBuildPhase section */
		09B381E42F9678520016BB50 /* Frameworks */ = {
			isa = PBXFrameworksBuildPhase;
			buildActionMask = 2147483647;
			files = (
			);
			runOnlyForDeploymentPostprocessing = 0;
		};
		09B381F22F9678540016BB50 /* Frameworks */ = {
			isa = PBXFrameworksBuildPhase;
			buildActionMask = 2147483647;
			files = (
			);
			runOnlyForDeploymentPostprocessing = 0;
		};
		09B381FC2F9678540016BB50 /* Frameworks */ = {
			isa = PBXFrameworksBuildPhase;
			buildActionMask = 2147483647;
			files = (
			);
			runOnlyForDeploymentPostprocessing = 0;
		};
/* End PBXFrameworksBuildPhase section */

/* Begin PBXGroup section */
		09B381DE2F9678520016BB50 = {
			isa = PBXGroup;
			children = (
				09B381E92F9678520016BB50 /* QuickPeek */,
				09B381F82F9678540016BB50 /* QuickPeekTests */,
				09B382022F9678540016BB50 /* QuickPeekUITests */,
				09B381E82F9678520016BB50 /* Products */,
			);
			sourceTree = "<group>";
		};
		09B381E82F9678520016BB50 /* Products */ = {
			isa = PBXGroup;
			children = (
				09B381E72F9678520016BB50 /* QuickPeek.app */,
				09B381F52F9678540016BB50 /* QuickPeekTests.xctest */,
				09B381FF2F9678540016BB50 /* QuickPeekUITests.xctest */,
			);
			name = Products;
			sourceTree = "<group>";
		};
/* End PBXGroup section */

/* Begin PBXNativeTarget section */
		09B381E62F9678520016BB50 /* QuickPeek */ = {
			isa = PBXNativeTarget;
			buildConfigurationList = 09B382092F9678540016BB50 /* Build configuration list for PBXNativeTarget "QuickPeek" */;
			buildPhases = (
				09B381E32F9678520016BB50 /* Sources */,
				09B381E42F9678520016BB50 /* Frameworks */,
				09B381E52F9678520016BB50 /* Resources */,
			);
			buildRules = (
			);
			dependencies = (
			);
			fileSystemSynchronizedGroups = (
				09B381E92F9678520016BB50 /* QuickPeek */,
			);
			name = QuickPeek;
			packageProductDependencies = (
			);
			productName = QuickPeek;
			productReference = 09B381E72F9678520016BB50 /* QuickPeek.app */;
			productType = "com.apple.product-type.application";
		};
		09B381F42F9678540016BB50 /* QuickPeekTests */ = {
			isa = PBXNativeTarget;
			buildConfigurationList = 09B3820C2F9678540016BB50 /* Build configuration list for PBXNativeTarget "QuickPeekTests" */;
			buildPhases = (
				09B381F12F9678540016BB50 /* Sources */,
				09B381F22F9678540016BB50 /* Frameworks */,
				09B381F32F9678540016BB50 /* Resources */,
			);
			buildRules = (
			);
			dependencies = (
				09B381F72F9678540016BB50 /* PBXTargetDependency */,
			);
			fileSystemSynchronizedGroups = (
				09B381F82F9678540016BB50 /* QuickPeekTests */,
			);
			name = QuickPeekTests;
			packageProductDependencies = (
			);
			productName = QuickPeekTests;
			productReference = 09B381F52F9678540016BB50 /* QuickPeekTests.xctest */;
			productType = "com.apple.product-type.bundle.unit-test";
		};
		09B381FE2F9678540016BB50 /* QuickPeekUITests */ = {
			isa = PBXNativeTarget;
			buildConfigurationList = 09B3820F2F9678540016BB50 /* Build configuration list for PBXNativeTarget "QuickPeekUITests" */;
			buildPhases = (
				09B381FB2F9678540016BB50 /* Sources */,
				09B381FC2F9678540016BB50 /* Frameworks */,
				09B381FD2F9678540016BB50 /* Resources */,
			);
			buildRules = (
			);
			dependencies = (
				09B382012F9678540016BB50 /* PBXTargetDependency */,
			);
			fileSystemSynchronizedGroups = (
				09B382022F9678540016BB50 /* QuickPeekUITests */,
			);
			name = QuickPeekUITests;
			packageProductDependencies = (
			);
			productName = QuickPeekUITests;
			productReference = 09B381FF2F9678540016BB50 /* QuickPeekUITests.xctest */;
			productType = "com.apple.product-type.bundle.ui-testing";
		};
/* End PBXNativeTarget section */

/* Begin PBXProject section */
		09B381DF2F9678520016BB50 /* Project object */ = {
			isa = PBXProject;
			attributes = {
				BuildIndependentTargetsInParallel = 1;
				LastSwiftUpdateCheck = 1630;
				LastUpgradeCheck = 1630;
				TargetAttributes = {
					09B381E62F9678520016BB50 = {
						CreatedOnToolsVersion = 16.3;
					};
					09B381F42F9678540016BB50 = {
						CreatedOnToolsVersion = 16.3;
						TestTargetID = 09B381E62F9678520016BB50;
					};
					09B381FE2F9678540016BB50 = {
						CreatedOnToolsVersion = 16.3;
						TestTargetID = 09B381E62F9678520016BB50;
					};
				};
			};
			buildConfigurationList = 09B381E22F9678520016BB50 /* Build configuration list for PBXProject "QuickPeek" */;
			developmentRegion = en;
			hasScannedForEncodings = 0;
			knownRegions = (
				en,
				Base,
			);
			mainGroup = 09B381DE2F9678520016BB50;
			minimizedProjectReferenceProxies = 1;
			preferredProjectObjectVersion = 77;
			productRefGroup = 09B381E82F9678520016BB50 /* Products */;
			projectDirPath = "";
			projectRoot = "";
			targets = (
				09B381E62F9678520016BB50 /* QuickPeek */,
				09B381F42F9678540016BB50 /* QuickPeekTests */,
				09B381FE2F9678540016BB50 /* QuickPeekUITests */,
			);
		};
/* End PBXProject section */

/* Begin PBXResourcesBuildPhase section */
		09B381E52F9678520016BB50 /* Resources */ = {
			isa = PBXResourcesBuildPhase;
			buildActionMask = 2147483647;
			files = (
			);
			runOnlyForDeploymentPostprocessing = 0;
		};
		09B381F32F9678540016BB50 /* Resources */ = {
			isa = PBXResourcesBuildPhase;
			buildActionMask = 2147483647;
			files = (
			);
			runOnlyForDeploymentPostprocessing = 0;
		};
		09B381FD2F9678540016BB50 /* Resources */ = {
			isa = PBXResourcesBuildPhase;
			buildActionMask = 2147483647;
			files = (
			);
			runOnlyForDeploymentPostprocessing = 0;
		};
/* End PBXResourcesBuildPhase section */

/* Begin PBXSourcesBuildPhase section */
		09B381E32F9678520016BB50 /* Sources */ = {
			isa = PBXSourcesBuildPhase;
			buildActionMask = 2147483647;
			files = (
			);
			runOnlyForDeploymentPostprocessing = 0;
		};
		09B381F12F9678540016BB50 /* Sources */ = {
			isa = PBXSourcesBuildPhase;
			buildActionMask = 2147483647;
			files = (
			);
			runOnlyForDeploymentPostprocessing = 0;
		};
		09B381FB2F9678540016BB50 /* Sources */ = {
			isa = PBXSourcesBuildPhase;
			buildActionMask = 2147483647;
			files = (
			);
			runOnlyForDeploymentPostprocessing = 0;
		};
/* End PBXSourcesBuildPhase section */

/* Begin PBXTargetDependency section */
		09B381F72F9678540016BB50 /* PBXTargetDependency */ = {
			isa = PBXTargetDependency;
			target = 09B381E62F9678520016BB50 /* QuickPeek */;
			targetProxy = 09B381F62F9678540016BB50 /* PBXContainerItemProxy */;
		};
		09B382012F9678540016BB50 /* PBXTargetDependency */ = {
			isa = PBXTargetDependency;
			target = 09B381E62F9678520016BB50 /* QuickPeek */;
			targetProxy = 09B382002F9678540016BB50 /* PBXContainerItemProxy */;
		};
/* End PBXTargetDependency section */

/* Begin XCBuildConfiguration section */
		09B382072F9678540016BB50 /* Debug */ = {
			isa = XCBuildConfiguration;
			buildSettings = {
				ALWAYS_SEARCH_USER_PATHS = NO;
				ASSETCATALOG_COMPILER_GENERATE_SWIFT_ASSET_SYMBOL_EXTENSIONS = YES;
				CLANG_ANALYZER_NONNULL = YES;
				CLANG_ANALYZER_NUMBER_OBJECT_CONVERSION = YES_AGGRESSIVE;
				CLANG_CXX_LANGUAGE_STANDARD = "gnu++20";
				CLANG_ENABLE_MODULES = YES;
				CLANG_ENABLE_OBJC_ARC = YES;
				CLANG_ENABLE_OBJC_WEAK = YES;
				CLANG_WARN_BLOCK_CAPTURE_AUTORELEASING = YES;
				CLANG_WARN_BOOL_CONVERSION = YES;
				CLANG_WARN_COMMA = YES;
				CLANG_WARN_CONSTANT_CONVERSION = YES;
				CLANG_WARN_DEPRECATED_OBJC_IMPLEMENTATIONS = YES;
				CLANG_WARN_DIRECT_OBJC_ISA_USAGE = YES_ERROR;
				CLANG_WARN_DOCUMENTATION_COMMENTS = YES;
				CLANG_WARN_EMPTY_BODY = YES;
				CLANG_WARN_ENUM_CONVERSION = YES;
				CLANG_WARN_INFINITE_RECURSION = YES;
				CLANG_WARN_INT_CONVERSION = YES;
				CLANG_WARN_NON_LITERAL_NULL_CONVERSION = YES;
				CLANG_WARN_OBJC_IMPLICIT_RETAIN_SELF = YES;
				CLANG_WARN_OBJC_LITERAL_CONVERSION = YES;
				CLANG_WARN_OBJC_ROOT_CLASS = YES_ERROR;
				CLANG_WARN_QUOTED_INCLUDE_IN_FRAMEWORK_HEADER = YES;
				CLANG_WARN_RANGE_LOOP_ANALYSIS = YES;
				CLANG_WARN_STRICT_PROTOTYPES = YES;
				CLANG_WARN_SUSPICIOUS_MOVE = YES;
				CLANG_WARN_UNGUARDED_AVAILABILITY = YES_AGGRESSIVE;
				CLANG_WARN_UNREACHABLE_CODE = YES;
				CLANG_WARN__DUPLICATE_METHOD_MATCH = YES;
				COPY_PHASE_STRIP = NO;
				DEBUG_INFORMATION_FORMAT = dwarf;
				ENABLE_STRICT_OBJC_MSGSEND = YES;
				ENABLE_TESTABILITY = YES;
				ENABLE_USER_SCRIPT_SANDBOXING = YES;
				GCC_C_LANGUAGE_STANDARD = gnu17;
				GCC_DYNAMIC_NO_PIC = NO;
				GCC_NO_COMMON_BLOCKS = YES;
				GCC_OPTIMIZATION_LEVEL = 0;
				GCC_PREPROCESSOR_DEFINITIONS = (
					"DEBUG=1",
					"$(inherited)",
				);
				GCC_WARN_64_TO_32_BIT_CONVERSION = YES;
				GCC_WARN_ABOUT_RETURN_TYPE = YES_ERROR;
				GCC_WARN_UNDECLARED_SELECTOR = YES;
				GCC_WARN_UNINITIALIZED_AUTOS = YES_AGGRESSIVE;
				GCC_WARN_UNUSED_FUNCTION = YES;
				GCC_WARN_UNUSED_VARIABLE = YES;
				LOCALIZATION_PREFERS_STRING_CATALOGS = YES;
				MACOSX_DEPLOYMENT_TARGET = 15.4;
				MTL_ENABLE_DEBUG_INFO = INCLUDE_SOURCE;
				MTL_FAST_MATH = YES;
				ONLY_ACTIVE_ARCH = YES;
				SDKROOT = macosx;
				SWIFT_ACTIVE_COMPILATION_CONDITIONS = "DEBUG $(inherited)";
				SWIFT_OPTIMIZATION_LEVEL = "-Onone";
			};
			name = Debug;
		};
		09B382082F9678540016BB50 /* Release */ = {
			isa = XCBuildConfiguration;
			buildSettings = {
				ALWAYS_SEARCH_USER_PATHS = NO;
				ASSETCATALOG_COMPILER_GENERATE_SWIFT_ASSET_SYMBOL_EXTENSIONS = YES;
				CLANG_ANALYZER_NONNULL = YES;
				CLANG_ANALYZER_NUMBER_OBJECT_CONVERSION = YES_AGGRESSIVE;
				CLANG_CXX_LANGUAGE_STANDARD = "gnu++20";
				CLANG_ENABLE_MODULES = YES;
				CLANG_ENABLE_OBJC_ARC = YES;
				CLANG_ENABLE_OBJC_WEAK = YES;
				CLANG_WARN_BLOCK_CAPTURE_AUTORELEASING = YES;
				CLANG_WARN_BOOL_CONVERSION = YES;
				CLANG_WARN_COMMA = YES;
				CLANG_WARN_CONSTANT_CONVERSION = YES;
				CLANG_WARN_DEPRECATED_OBJC_IMPLEMENTATIONS = YES;
				CLANG_WARN_DIRECT_OBJC_ISA_USAGE = YES_ERROR;
				CLANG_WARN_DOCUMENTATION_COMMENTS = YES;
				CLANG_WARN_EMPTY_BODY = YES;
				CLANG_WARN_ENUM_CONVERSION = YES;
				CLANG_WARN_INFINITE_RECURSION = YES;
				CLANG_WARN_INT_CONVERSION = YES;
				CLANG_WARN_NON_LITERAL_NULL_CONVERSION = YES;
				CLANG_WARN_OBJC_IMPLICIT_RETAIN_SELF = YES;
				CLANG_WARN_OBJC_LITERAL_CONVERSION = YES;
				CLANG_WARN_OBJC_ROOT_CLASS = YES_ERROR;
				CLANG_WARN_QUOTED_INCLUDE_IN_FRAMEWORK_HEADER = YES;
				CLANG_WARN_RANGE_LOOP_ANALYSIS = YES;
				CLANG_WARN_STRICT_PROTOTYPES = YES;
				CLANG_WARN_SUSPICIOUS_MOVE = YES;
				CLANG_WARN_UNGUARDED_AVAILABILITY = YES_AGGRESSIVE;
				CLANG_WARN_UNREACHABLE_CODE = YES;
				CLANG_WARN__DUPLICATE_METHOD_MATCH = YES;
				COPY_PHASE_STRIP = NO;
				DEBUG_INFORMATION_FORMAT = "dwarf-with-dsym";
				ENABLE_NS_ASSERTIONS = NO;
				ENABLE_STRICT_OBJC_MSGSEND = YES;
				ENABLE_USER_SCRIPT_SANDBOXING = YES;
				GCC_C_LANGUAGE_STANDARD = gnu17;
				GCC_NO_COMMON_BLOCKS = YES;
				GCC_WARN_64_TO_32_BIT_CONVERSION = YES;
				GCC_WARN_ABOUT_RETURN_TYPE = YES_ERROR;
				GCC_WARN_UNDECLARED_SELECTOR = YES;
				GCC_WARN_UNINITIALIZED_AUTOS = YES_AGGRESSIVE;
				GCC_WARN_UNUSED_FUNCTION = YES;
				GCC_WARN_UNUSED_VARIABLE = YES;
				LOCALIZATION_PREFERS_STRING_CATALOGS = YES;
				MACOSX_DEPLOYMENT_TARGET = 15.4;
				MTL_ENABLE_DEBUG_INFO = NO;
				MTL_FAST_MATH = YES;
				SDKROOT = macosx;
				SWIFT_COMPILATION_MODE = wholemodule;
			};
			name = Release;
		};
		09B3820A2F9678540016BB50 /* Debug */ = {
			isa = XCBuildConfiguration;
			buildSettings = {
				ASSETCATALOG_COMPILER_APPICON_NAME = AppIcon;
				ASSETCATALOG_COMPILER_GLOBAL_ACCENT_COLOR_NAME = AccentColor;
				CODE_SIGN_ENTITLEMENTS = QuickPeek/QuickPeek.entitlements;
				CODE_SIGN_STYLE = Automatic;
				COMBINE_HIDPI_IMAGES = YES;
				CURRENT_PROJECT_VERSION = 1;
				ENABLE_PREVIEWS = YES;
				GENERATE_INFOPLIST_FILE = YES;
				INFOPLIST_KEY_NSHumanReadableCopyright = "";
				LD_RUNPATH_SEARCH_PATHS = (
					"$(inherited)",
					"@executable_path/../Frameworks",
				);
				MARKETING_VERSION = 1.0;
				PRODUCT_BUNDLE_IDENTIFIER = "com.dodo-reach.QuickPeek";
				PRODUCT_NAME = "$(TARGET_NAME)";
				REGISTER_APP_GROUPS = YES;
				SWIFT_EMIT_LOC_STRINGS = YES;
				SWIFT_VERSION = 5.0;
			};
			name = Debug;
		};
		09B3820B2F9678540016BB50 /* Release */ = {
			isa = XCBuildConfiguration;
			buildSettings = {
				ASSETCATALOG_COMPILER_APPICON_NAME = AppIcon;
				ASSETCATALOG_COMPILER_GLOBAL_ACCENT_COLOR_NAME = AccentColor;
				CODE_SIGN_ENTITLEMENTS = QuickPeek/QuickPeek.entitlements;
				CODE_SIGN_STYLE = Automatic;
				COMBINE_HIDPI_IMAGES = YES;
				CURRENT_PROJECT_VERSION = 1;
				ENABLE_PREVIEWS = YES;
				GENERATE_INFOPLIST_FILE = YES;
				INFOPLIST_KEY_NSHumanReadableCopyright = "";
				LD_RUNPATH_SEARCH_PATHS = (
					"$(inherited)",
					"@executable_path/../Frameworks",
				);
				MARKETING_VERSION = 1.0;
				PRODUCT_BUNDLE_IDENTIFIER = "com.dodo-reach.QuickPeek";
				PRODUCT_NAME = "$(TARGET_NAME)";
				REGISTER_APP_GROUPS = YES;
				SWIFT_EMIT_LOC_STRINGS = YES;
				SWIFT_VERSION = 5.0;
			};
			name = Release;
		};
		09B3820D2F9678540016BB50 /* Debug */ = {
			isa = XCBuildConfiguration;
			buildSettings = {
				BUNDLE_LOADER = "$(TEST_HOST)";
				CODE_SIGN_STYLE = Automatic;
				CURRENT_PROJECT_VERSION = 1;
				GENERATE_INFOPLIST_FILE = YES;
				MACOSX_DEPLOYMENT_TARGET = 15.4;
				MARKETING_VERSION = 1.0;
				PRODUCT_BUNDLE_IDENTIFIER = "com.dodo-reach.QuickPeekTests";
				PRODUCT_NAME = "$(TARGET_NAME)";
				SWIFT_EMIT_LOC_STRINGS = NO;
				SWIFT_VERSION = 5.0;
				TEST_HOST = "$(BUILT_PRODUCTS_DIR)/QuickPeek.app/$(BUNDLE_EXECUTABLE_FOLDER_PATH)/QuickPeek";
			};
			name = Debug;
		};
		09B3820E2F9678540016BB50 /* Release */ = {
			isa = XCBuildConfiguration;
			buildSettings = {
				BUNDLE_LOADER = "$(TEST_HOST)";
				CODE_SIGN_STYLE = Automatic;
				CURRENT_PROJECT_VERSION = 1;
				GENERATE_INFOPLIST_FILE = YES;
				MACOSX_DEPLOYMENT_TARGET = 15.4;
				MARKETING_VERSION = 1.0;
				PRODUCT_BUNDLE_IDENTIFIER = "com.dodo-reach.QuickPeekTests";
				PRODUCT_NAME = "$(TARGET_NAME)";
				SWIFT_EMIT_LOC_STRINGS = NO;
				SWIFT_VERSION = 5.0;
				TEST_HOST = "$(BUILT_PRODUCTS_DIR)/QuickPeek.app/$(BUNDLE_EXECUTABLE_FOLDER_PATH)/QuickPeek";
			};
			name = Release;
		};
		09B382102F9678540016BB50 /* Debug */ = {
			isa = XCBuildConfiguration;
			buildSettings = {
				CODE_SIGN_STYLE = Automatic;
				CURRENT_PROJECT_VERSION = 1;
				GENERATE_INFOPLIST_FILE = YES;
				MARKETING_VERSION = 1.0;
				PRODUCT_BUNDLE_IDENTIFIER = "com.dodo-reach.QuickPeekUITests";
				PRODUCT_NAME = "$(TARGET_NAME)";
				SWIFT_EMIT_LOC_STRINGS = NO;
				SWIFT_VERSION = 5.0;
				TEST_TARGET_NAME = QuickPeek;
			};
			name = Debug;
		};
		09B382112F9678540016BB50 /* Release */ = {
			isa = XCBuildConfiguration;
			buildSettings = {
				CODE_SIGN_STYLE = Automatic;
				CURRENT_PROJECT_VERSION = 1;
				GENERATE_INFOPLIST_FILE = YES;
				MARKETING_VERSION = 1.0;
				PRODUCT_BUNDLE_IDENTIFIER = "com.dodo-reach.QuickPeekUITests";
				PRODUCT_NAME = "$(TARGET_NAME)";
				SWIFT_EMIT_LOC_STRINGS = NO;
				SWIFT_VERSION = 5.0;
				TEST_TARGET_NAME = QuickPeek;
			};
			name = Release;
		};
/* End XCBuildConfiguration section */

/* Begin XCConfigurationList section */
		09B381E22F9678520016BB50 /* Build configuration list for PBXProject "QuickPeek" */ = {
			isa = XCConfigurationList;
			buildConfigurations = (
				09B382072F9678540016BB50 /* Debug */,
				09B382082F9678540016BB50 /* Release */,
			);
			defaultConfigurationIsVisible = 0;
			defaultConfigurationName = Release;
		};
		09B382092F9678540016BB50 /* Build configuration list for PBXNativeTarget "QuickPeek" */ = {
			isa = XCConfigurationList;
			buildConfigurations = (
				09B3820A2F9678540016BB50 /* Debug */,
				09B3820B2F9678540016BB50 /* Release */,
			);
			defaultConfigurationIsVisible = 0;
			defaultConfigurationName = Release;
		};
		09B3820C2F9678540016BB50 /* Build configuration list for PBXNativeTarget "QuickPeekTests" */ = {
			isa = XCConfigurationList;
			buildConfigurations = (
				09B3820D2F9678540016BB50 /* Debug */,
				09B3820E2F9678540016BB50 /* Release */,
			);
			defaultConfigurationIsVisible = 0;
			defaultConfigurationName = Release;
		};
		09B3820F2F9678540016BB50 /* Build configuration list for PBXNativeTarget "QuickPeekUITests" */ = {
			isa = XCConfigurationList;
			buildConfigurations = (
				09B382102F9678540016BB50 /* Debug */,
				09B382112F9678540016BB50 /* Release */,
			);
			defaultConfigurationIsVisible = 0;
			defaultConfigurationName = Release;
		};
/* End XCConfigurationList section */
	};
	rootObject = 09B381DF2F9678520016BB50 /* Project object */;
}
